
Microsoft Visual Studio Solution File, Format Version 12.00
# Visual Studio Version 17
VisualStudioVersion = 17.6.33829.357
MinimumVisualStudioVersion = 10.0.40219.1
Project("{9A19103F-16F7-4668-BE54-9A1E7A4F7556}") = "WebAPI", "WebAPI\WebAPI.csproj", "{04DE1CE3-8E7E-4BA3-B541-370F7E354257}"
EndProject
Project("{9A19103F-16F7-4668-BE54-9A1E7A4F7556}") = "Infrastructure", "DataAccess\Infrastructure.csproj", "{C88EFBC6-9044-404E-8BB4-5F275723B486}"
EndProject
Project("{9A19103F-16F7-4668-BE54-9A1E7A4F7556}") = "Core", "BusinessLogic\Core.csproj", "{A4C6BC65-4B52-4E48-805C-0AC7842BC133}"
EndProject
Global
	GlobalSection(SolutionConfigurationPlatforms) = preSolution
		Debug|Any CPU = Debug|Any CPU
		Release|Any CPU = Release|Any CPU
	EndGlobalSection
	GlobalSection(ProjectConfigurationPlatforms) = postSolution
		{04DE1CE3-8E7E-4BA3-B541-370F7E354257}.Debug|Any CPU.ActiveCfg = Debug|Any CPU
		{04DE1CE3-8E7E-4BA3-B541-370F7E354257}.Debug|Any CPU.Build.0 = Debug|Any CPU
		{04DE1CE3-8E7E-4BA3-B541-370F7E354257}.Release|Any CPU.ActiveCfg = Release|Any CPU
		{04DE1CE3-8E7E-4BA3-B541-370F7E354257}.Release|Any CPU.Build.0 = Release|Any CPU
		{C88EFBC6-9044-404E-8BB4-5F275723B486}.Debug|Any CPU.ActiveCfg = Debug|Any CPU
		{C88EFBC6-9044-404E-8BB4-5F275723B486}.Debug|Any CPU.Build.0 = Debug|Any CPU
		{C88EFBC6-9044-404E-8BB4-5F275723B486}.Release|Any CPU.ActiveCfg = Release|Any CPU
		{C88EFBC6-9044-404E-8BB4-5F275723B486}.Release|Any CPU.Build.0 = Release|Any CPU
		{A4C6BC65-4B52-4E48-805C-0AC7842BC133}.Debug|Any CPU.ActiveCfg = Debug|Any CPU
		{A4C6BC65-4B52-4E48-805C-0AC7842BC133}.Debug|Any CPU.Build.0 = Debug|Any CPU
		{A4C6BC65-4B52-4E48-805C-0AC7842BC133}.Release|Any CPU.ActiveCfg = Release|Any CPU
		{A4C6BC65-4B52-4E48-805C-0AC7842BC133}.Release|Any CPU.Build.0 = Release|Any CPU
	EndGlobalSection
	GlobalSection(SolutionProperties) = preSolution
		HideSolutionNode = FALSE
	EndGlobalSection
	GlobalSection(ExtensibilityGlobals) = postSolution
		SolutionGuid = {4DC926E9-5A33-4C63-96EA-4BCC7EC59582}
	EndGlobalSection
EndGlobal
